
Microsoft Visual Studio Solution File, Format Version 12.00
# Visual Studio Version 16
VisualStudioVersion = 16.0.28803.202
MinimumVisualStudioVersion = 10.0.40219.1
Project("{9A19103F-16F7-4668-BE54-9A1E7A4F7556}") = "MyBudget.Web", "MyBudget\MyBudget.Web.csproj", "{5017891A-95D2-48DC-848E-15AFD91A1E8D}"
EndProject
Project("{9A19103F-16F7-4668-BE54-9A1E7A4F7556}") = "MyBudget.Tests", "MyBudget.Tests\MyBudget.Tests.csproj", "{055F2504-2413-4A41-B92E-4BD4813B477F}"
EndProject
Project("{9A19103F-16F7-4668-BE54-9A1E7A4F7556}") = "MyBudget.Api", "MyBudget.Api\MyBudget.Api.csproj", "{2A389F6F-0736-492C-A543-78B6E1DDB4CB}"
EndProject
Project("{9A19103F-16F7-4668-BE54-9A1E7A4F7556}") = "MyBudget.Api.Application", "MyBudget.Api.Application\MyBudget.Api.Application.csproj", "{7AC94ED4-683E-4AD8-9EDA-ECCC0A18A6E7}"
EndProject
Project("{2150E333-8FDC-42A3-9474-1A3956D46DE8}") = "UI", "UI", "{FB36560C-BA8A-455E-A3C7-06F0F619A352}"
EndProject
Global
	GlobalSection(SolutionConfigurationPlatforms) = preSolution
		Debug|Any CPU = Debug|Any CPU
		Release|Any CPU = Release|Any CPU
	EndGlobalSection
	GlobalSection(ProjectConfigurationPlatforms) = postSolution
		{5017891A-95D2-48DC-848E-15AFD91A1E8D}.Debug|Any CPU.ActiveCfg = Debug|Any CPU
		{5017891A-95D2-48DC-848E-15AFD91A1E8D}.Debug|Any CPU.Build.0 = Debug|Any CPU
		{5017891A-95D2-48DC-848E-15AFD91A1E8D}.Release|Any CPU.ActiveCfg = Release|Any CPU
		{5017891A-95D2-48DC-848E-15AFD91A1E8D}.Release|Any CPU.Build.0 = Release|Any CPU
		{055F2504-2413-4A41-B92E-4BD4813B477F}.Debug|Any CPU.ActiveCfg = Debug|Any CPU
		{055F2504-2413-4A41-B92E-4BD4813B477F}.Debug|Any CPU.Build.0 = Debug|Any CPU
		{055F2504-2413-4A41-B92E-4BD4813B477F}.Release|Any CPU.ActiveCfg = Release|Any CPU
		{055F2504-2413-4A41-B92E-4BD4813B477F}.Release|Any CPU.Build.0 = Release|Any CPU
		{2A389F6F-0736-492C-A543-78B6E1DDB4CB}.Debug|Any CPU.ActiveCfg = Debug|Any CPU
		{2A389F6F-0736-492C-A543-78B6E1DDB4CB}.Debug|Any CPU.Build.0 = Debug|Any CPU
		{2A389F6F-0736-492C-A543-78B6E1DDB4CB}.Release|Any CPU.ActiveCfg = Release|Any CPU
		{2A389F6F-0736-492C-A543-78B6E1DDB4CB}.Release|Any CPU.Build.0 = Release|Any CPU
		{7AC94ED4-683E-4AD8-9EDA-ECCC0A18A6E7}.Debug|Any CPU.ActiveCfg = Debug|Any CPU
		{7AC94ED4-683E-4AD8-9EDA-ECCC0A18A6E7}.Debug|Any CPU.Build.0 = Debug|Any CPU
		{7AC94ED4-683E-4AD8-9EDA-ECCC0A18A6E7}.Release|Any CPU.ActiveCfg = Release|Any CPU
		{7AC94ED4-683E-4AD8-9EDA-ECCC0A18A6E7}.Release|Any CPU.Build.0 = Release|Any CPU
	EndGlobalSection
	GlobalSection(SolutionProperties) = preSolution
		HideSolutionNode = FALSE
	EndGlobalSection
	GlobalSection(NestedProjects) = preSolution
		{5017891A-95D2-48DC-848E-15AFD91A1E8D} = {FB36560C-BA8A-455E-A3C7-06F0F619A352}
		{055F2504-2413-4A41-B92E-4BD4813B477F} = {FB36560C-BA8A-455E-A3C7-06F0F619A352}
	EndGlobalSection
	GlobalSection(ExtensibilityGlobals) = postSolution
		SolutionGuid = {48E6CFF5-CA23-4E49-A54F-1E61D09DE467}
	EndGlobalSection
EndGlobal
